
Microsoft Visual Studio Solution File, Format Version 12.00
# Visual Studio Version 17
VisualStudioVersion = 17.5.33530.505
MinimumVisualStudioVersion = 10.0.40219.1
Project("{9A19103F-16F7-4668-BE54-9A1E7A4F7556}") = "API", "API\API.csproj", "{34CE53FB-7F14-4EDC-9E35-CC2316D0252B}"
EndProject
Project("{9A19103F-16F7-4668-BE54-9A1E7A4F7556}") = "DAL", "DAL\DAL.csproj", "{4F5473F1-AD36-4D8E-A81C-CBDC2C22E612}"
EndProject
Project("{9A19103F-16F7-4668-BE54-9A1E7A4F7556}") = "BLL", "BLL\BLL.csproj", "{2A01F20D-EFEB-43BA-B263-0692B46DD19F}"
EndProject
Project("{9A19103F-16F7-4668-BE54-9A1E7A4F7556}") = "MD", "DM\MD.csproj", "{425D218B-C27D-405A-A79D-77CE35243F0B}"
EndProject
Global
	GlobalSection(SolutionConfigurationPlatforms) = preSolution
		Debug|Any CPU = Debug|Any CPU
		Release|Any CPU = Release|Any CPU
	EndGlobalSection
	GlobalSection(ProjectConfigurationPlatforms) = postSolution
		{34CE53FB-7F14-4EDC-9E35-CC2316D0252B}.Debug|Any CPU.ActiveCfg = Debug|Any CPU
		{34CE53FB-7F14-4EDC-9E35-CC2316D0252B}.Debug|Any CPU.Build.0 = Debug|Any CPU
		{34CE53FB-7F14-4EDC-9E35-CC2316D0252B}.Release|Any CPU.ActiveCfg = Release|Any CPU
		{34CE53FB-7F14-4EDC-9E35-CC2316D0252B}.Release|Any CPU.Build.0 = Release|Any CPU
		{4F5473F1-AD36-4D8E-A81C-CBDC2C22E612}.Debug|Any CPU.ActiveCfg = Debug|Any CPU
		{4F5473F1-AD36-4D8E-A81C-CBDC2C22E612}.Debug|Any CPU.Build.0 = Debug|Any CPU
		{4F5473F1-AD36-4D8E-A81C-CBDC2C22E612}.Release|Any CPU.ActiveCfg = Release|Any CPU
		{4F5473F1-AD36-4D8E-A81C-CBDC2C22E612}.Release|Any CPU.Build.0 = Release|Any CPU
		{2A01F20D-EFEB-43BA-B263-0692B46DD19F}.Debug|Any CPU.ActiveCfg = Debug|Any CPU
		{2A01F20D-EFEB-43BA-B263-0692B46DD19F}.Debug|Any CPU.Build.0 = Debug|Any CPU
		{2A01F20D-EFEB-43BA-B263-0692B46DD19F}.Release|Any CPU.ActiveCfg = Release|Any CPU
		{2A01F20D-EFEB-43BA-B263-0692B46DD19F}.Release|Any CPU.Build.0 = Release|Any CPU
		{425D218B-C27D-405A-A79D-77CE35243F0B}.Debug|Any CPU.ActiveCfg = Debug|Any CPU
		{425D218B-C27D-405A-A79D-77CE35243F0B}.Debug|Any CPU.Build.0 = Debug|Any CPU
		{425D218B-C27D-405A-A79D-77CE35243F0B}.Release|Any CPU.ActiveCfg = Release|Any CPU
		{425D218B-C27D-405A-A79D-77CE35243F0B}.Release|Any CPU.Build.0 = Release|Any CPU
	EndGlobalSection
	GlobalSection(SolutionProperties) = preSolution
		HideSolutionNode = FALSE
	EndGlobalSection
	GlobalSection(ExtensibilityGlobals) = postSolution
		SolutionGuid = {293200A2-23D7-448E-8C01-7FA2A94B9634}
	EndGlobalSection
EndGlobal
